Microsoft Visual Studio Solution File, Format Version 11.00
# Visual Studio 2008

Project("{AF23DC53-62B9-D8EA-0390-8260769215FC}") = "Kinetic_Beginnings", "Assembly-CSharp.csproj", "{E3C70049-6871-AEF8-DFBB-6C01662BC786}"
EndProject
Project("{AF23DC53-62B9-D8EA-0390-8260769215FC}") = "Kinetic_Beginnings", "Assembly-CSharp-Editor.csproj", "{DB4875B8-FD1C-5042-BB12-3B40AA29342B}"
EndProject
Global
	GlobalSection(SolutionConfigurationPlatforms) = preSolution
		Debug|Any CPU = Debug|Any CPU
		Release|Any CPU = Release|Any CPU
	EndGlobalSection
	GlobalSection(ProjectConfigurationPlatforms) = postSolution
		{E3C70049-6871-AEF8-DFBB-6C01662BC786}.Debug|Any CPU.ActiveCfg = Debug|Any CPU
		{E3C70049-6871-AEF8-DFBB-6C01662BC786}.Debug|Any CPU.Build.0 = Debug|Any CPU
		{E3C70049-6871-AEF8-DFBB-6C01662BC786}.Release|Any CPU.ActiveCfg = Release|Any CPU
		{E3C70049-6871-AEF8-DFBB-6C01662BC786}.Release|Any CPU.Build.0 = Release|Any CPU
		{DB4875B8-FD1C-5042-BB12-3B40AA29342B}.Debug|Any CPU.ActiveCfg = Debug|Any CPU
		{DB4875B8-FD1C-5042-BB12-3B40AA29342B}.Debug|Any CPU.Build.0 = Debug|Any CPU
		{DB4875B8-FD1C-5042-BB12-3B40AA29342B}.Release|Any CPU.ActiveCfg = Release|Any CPU
		{DB4875B8-FD1C-5042-BB12-3B40AA29342B}.Release|Any CPU.Build.0 = Release|Any CPU
	EndGlobalSection
	GlobalSection(SolutionProperties) = preSolution
		HideSolutionNode = FALSE
	EndGlobalSection
	GlobalSection(MonoDevelopProperties) = preSolution
		StartupItem = Assembly-CSharp.csproj
	EndGlobalSection
EndGlobal
