
Microsoft Visual Studio Solution File, Format Version 12.00
# Visual Studio 2015
Project("{FAE04EC0-301F-11D3-BF4B-00C04F79EFBC}") = "Kinetic_Beginnings.CSharp.Plugins", "Kinetic_Beginnings.CSharp.Plugins.csproj", "{0106F25C-A81B-0958-D17C-DDC9E76F2CAE}"
EndProject
Project("{FAE04EC0-301F-11D3-BF4B-00C04F79EFBC}") = "Kinetic_Beginnings.CSharp", "Kinetic_Beginnings.CSharp.csproj", "{5C560591-A5BB-4DC2-A69F-D857FB479C8E}"
EndProject
Project("{FAE04EC0-301F-11D3-BF4B-00C04F79EFBC}") = "Kinetic_Beginnings.CSharp.Editor", "Kinetic_Beginnings.CSharp.Editor.csproj", "{E84777FE-C9A6-6DB0-61C2-ED4C1B93B684}"
EndProject
Global
	GlobalSection(SolutionConfigurationPlatforms) = preSolution
		Debug|Any CPU = Debug|Any CPU
		Release|Any CPU = Release|Any CPU
	EndGlobalSection
	GlobalSection(ProjectConfigurationPlatforms) = postSolution
		{0106F25C-A81B-0958-D17C-DDC9E76F2CAE}.Debug|Any CPU.ActiveCfg = Debug|Any CPU
		{0106F25C-A81B-0958-D17C-DDC9E76F2CAE}.Debug|Any CPU.Build.0 = Debug|Any CPU
		{0106F25C-A81B-0958-D17C-DDC9E76F2CAE}.Release|Any CPU.ActiveCfg = Release|Any CPU
		{0106F25C-A81B-0958-D17C-DDC9E76F2CAE}.Release|Any CPU.Build.0 = Release|Any CPU
		{5C560591-A5BB-4DC2-A69F-D857FB479C8E}.Debug|Any CPU.ActiveCfg = Debug|Any CPU
		{5C560591-A5BB-4DC2-A69F-D857FB479C8E}.Debug|Any CPU.Build.0 = Debug|Any CPU
		{5C560591-A5BB-4DC2-A69F-D857FB479C8E}.Release|Any CPU.ActiveCfg = Release|Any CPU
		{5C560591-A5BB-4DC2-A69F-D857FB479C8E}.Release|Any CPU.Build.0 = Release|Any CPU
		{E84777FE-C9A6-6DB0-61C2-ED4C1B93B684}.Debug|Any CPU.ActiveCfg = Debug|Any CPU
		{E84777FE-C9A6-6DB0-61C2-ED4C1B93B684}.Debug|Any CPU.Build.0 = Debug|Any CPU
		{E84777FE-C9A6-6DB0-61C2-ED4C1B93B684}.Release|Any CPU.ActiveCfg = Release|Any CPU
		{E84777FE-C9A6-6DB0-61C2-ED4C1B93B684}.Release|Any CPU.Build.0 = Release|Any CPU
	EndGlobalSection
	GlobalSection(SolutionProperties) = preSolution
		HideSolutionNode = FALSE
	EndGlobalSection
EndGlobal
