
Microsoft Visual Studio Solution File, Format Version 12.00
# Visual Studio 2015
Project("{FAE04EC0-301F-11D3-BF4B-00C04F79EFBC}") = "Kinetic_Beginnings", "Kinetic_Beginnings.csproj", "{1D9E26B2-2C0F-DB94-70C0-8FFB7661A845}"
EndProject
Project("{FAE04EC0-301F-11D3-BF4B-00C04F79EFBC}") = "Kinetic_Beginnings.Editor", "Kinetic_Beginnings.Editor.csproj", "{EF530DE2-E59E-2BF3-86A3-557B9D247D9C}"
EndProject
Global
	GlobalSection(SolutionConfigurationPlatforms) = preSolution
		Debug|Any CPU = Debug|Any CPU
		Release|Any CPU = Release|Any CPU
	EndGlobalSection
	GlobalSection(ProjectConfigurationPlatforms) = postSolution
		{1D9E26B2-2C0F-DB94-70C0-8FFB7661A845}.Debug|Any CPU.ActiveCfg = Debug|Any CPU
		{1D9E26B2-2C0F-DB94-70C0-8FFB7661A845}.Debug|Any CPU.Build.0 = Debug|Any CPU
		{1D9E26B2-2C0F-DB94-70C0-8FFB7661A845}.Release|Any CPU.ActiveCfg = Release|Any CPU
		{1D9E26B2-2C0F-DB94-70C0-8FFB7661A845}.Release|Any CPU.Build.0 = Release|Any CPU
		{EF530DE2-E59E-2BF3-86A3-557B9D247D9C}.Debug|Any CPU.ActiveCfg = Debug|Any CPU
		{EF530DE2-E59E-2BF3-86A3-557B9D247D9C}.Debug|Any CPU.Build.0 = Debug|Any CPU
		{EF530DE2-E59E-2BF3-86A3-557B9D247D9C}.Release|Any CPU.ActiveCfg = Release|Any CPU
		{EF530DE2-E59E-2BF3-86A3-557B9D247D9C}.Release|Any CPU.Build.0 = Release|Any CPU
	EndGlobalSection
	GlobalSection(SolutionProperties) = preSolution
		HideSolutionNode = FALSE
	EndGlobalSection
EndGlobal
